<?xml version="1.0" encoding="utf-8"?>
<Project ToolsVersion="4.0" xmlns="http://schemas.microsoft.com/developer/msbuild/2003">
  <ItemGroup>
    <Filter Include="Source Files">
      <UniqueIdentifier>{4FC737F1-C7A5-4376-A066-2A32D752A2FF}</UniqueIdentifier>
      <Extensions>cpp;c;cc;cxx;def;odl;idl;hpj;bat;asm;asmx</Extensions>
    </Filter>
    <Filter Include="Header Files">
      <UniqueIdentifier>{93995380-89BD-4b04-88EB-625FBE52EBFB}</UniqueIdentifier>
      <Extensions>h;hh;hpp;hxx;hm;inl;inc;xsd</Extensions>
    </Filter>
    <Filter Include="Resource Files">
      <UniqueIdentifier>{67DA6AB6-F800-4c08-8B7A-83BB121AAD01}</UniqueIdentifier>
      <Extensions>rc;ico;cur;bmp;dlg;rc2;rct;bin;rgs;gif;jpg;jpeg;jpe;resx;tiff;tif;png;wav</Extensions>
    </Filter>
  </ItemGroup>
  <ItemGroup>
    <ClCompile Include="7-1.INHERITANCE_METHOD.cpp">
      <Filter>Source Files</Filter>
    </ClCompile>
    <ClCompile Include="7-2.INITIAL.cpp">
      <Filter>Source Files</Filter>
    </ClCompile>
    <ClCompile Include="7-3.INITIAL2.cpp">
      <Filter>Source Files</Filter>
    </ClCompile>
    <ClCompile Include="7장-11.classDefine.cpp">
      <Filter>Source Files</Filter>
    </ClCompile>
    <ClCompile Include="7장-12.baseDerived.cpp">
      <Filter>Source Files</Filter>
    </ClCompile>
    <ClCompile Include="7장-15.MAINCC.cpp">
      <Filter>Source Files</Filter>
    </ClCompile>
    <ClCompile Include="7장-16.MULTIPLE.cpp">
      <Filter>Source Files</Filter>
    </ClCompile>
    <ClCompile Include="7장-2.BIRTHDAY.cpp">
      <Filter>Source Files</Filter>
    </ClCompile>
    <ClCompile Include="7장-3.BD-USE.cpp">
      <Filter>Source Files</Filter>
    </ClCompile>
    <ClCompile Include="7장-5.RECT-USE.cpp">
      <Filter>Source Files</Filter>
    </ClCompile>
    <ClCompile Include="7장-6.RECT-USE.cpp">
      <Filter>Source Files</Filter>
    </ClCompile>
    <ClCompile Include="7장-7.SQUARE2.cpp">
      <Filter>Source Files</Filter>
    </ClCompile>
    <ClCompile Include="7장-9.RECTCOL.cpp">
      <Filter>Source Files</Filter>
    </ClCompile>
  </ItemGroup>
  <ItemGroup>
    <ClInclude Include="7장-1-1.DATE3.h">
      <Filter>Header Files</Filter>
    </ClInclude>
    <ClInclude Include="7장-1.BIRTHDAY.h">
      <Filter>Header Files</Filter>
    </ClInclude>
    <ClInclude Include="7장-10.RECTCOL2.h">
      <Filter>Header Files</Filter>
    </ClInclude>
    <ClInclude Include="7장-13-2.CIRCLEC.h">
      <Filter>Header Files</Filter>
    </ClInclude>
    <ClInclude Include="7장-13.CIRCLE.h">
      <Filter>Header Files</Filter>
    </ClInclude>
    <ClInclude Include="7장-4.RECTANG.h">
      <Filter>Header Files</Filter>
    </ClInclude>
    <ClInclude Include="7장-8.RECCOL.h">
      <Filter>Header Files</Filter>
    </ClInclude>
    <ClInclude Include="7장-13-1.COLOR.h">
      <Filter>Header Files</Filter>
    </ClInclude>
  </ItemGroup>
</Project>